// !$*UTF8*$!
{
	archiveVersion = 1;
	classes = {
	};
	objectVersion = 56;
	objects = {

/* Begin PBXBuildFile section */
		E7122B5C2B44A04E00067632 /* SettingsView.swift in Sources */ = {isa = PBXBuildFile; fileRef = E7122B5B2B44A04E00067632 /* SettingsView.swift */; };
		E71603F72B3CE917000E30F8 /* AboutView.swift in Sources */ = {isa = PBXBuildFile; fileRef = E71603F62B3CE917000E30F8 /* AboutView.swift */; };
		E71757322B48C7AA005D9A20 /* NovenaView.swift in Sources */ = {isa = PBXBuildFile; fileRef = E71757312B48C7A9005D9A20 /* NovenaView.swift */; };
		E71757342B48CBE3005D9A20 /* iOSCheckboxToggleStyle.swift in Sources */ = {isa = PBXBuildFile; fileRef = E71757332B48CBE3005D9A20 /* iOSCheckboxToggleStyle.swift */; };
		E71D1DD42B45C47D00F55AF4 /* SuggestionsView.swift in Sources */ = {isa = PBXBuildFile; fileRef = E71D1DD32B45C47D00F55AF4 /* SuggestionsView.swift */; };
		E71D1DD62B45FB8600F55AF4 /* ChurchSuggestionsView.swift in Sources */ = {isa = PBXBuildFile; fileRef = E71D1DD52B45FB8600F55AF4 /* ChurchSuggestionsView.swift */; };
		E74489CD2B5083ED00039B0C /* MainView.swift in Sources */ = {isa = PBXBuildFile; fileRef = E74489CC2B5083ED00039B0C /* MainView.swift */; };
		E771C0732B3716D100C5246F /* Sao_Judas_Tadeu_AmericanaApp.swift in Sources */ = {isa = PBXBuildFile; fileRef = E771C0722B3716D100C5246F /* Sao_Judas_Tadeu_AmericanaApp.swift */; };
		E771C0752B3716D100C5246F /* HomeView.swift in Sources */ = {isa = PBXBuildFile; fileRef = E771C0742B3716D100C5246F /* HomeView.swift */; };
		E771C0772B3716D300C5246F /* Assets.xcassets in Resources */ = {isa = PBXBuildFile; fileRef = E771C0762B3716D300C5246F /* Assets.xcassets */; };
		E771C07A2B3716D300C5246F /* Preview Assets.xcassets in Resources */ = {isa = PBXBuildFile; fileRef = E771C0792B3716D300C5246F /* Preview Assets.xcassets */; };
		E7A396F52B3F67D300A3ADE7 /* TitheView.swift in Sources */ = {isa = PBXBuildFile; fileRef = E7A396F42B3F67D300A3ADE7 /* TitheView.swift */; };
		E7BAF8F22B3E2A9B00DB6F21 /* SjtHistoryView.swift in Sources */ = {isa = PBXBuildFile; fileRef = E7BAF8F12B3E2A9B00DB6F21 /* SjtHistoryView.swift */; };
		E7BAF8F42B3E45C900DB6F21 /* PrayersView.swift in Sources */ = {isa = PBXBuildFile; fileRef = E7BAF8F32B3E45C800DB6F21 /* PrayersView.swift */; };
/* End PBXBuildFile section */

/* Begin PBXFileReference section */
		E7122B5B2B44A04E00067632 /* SettingsView.swift */ = {isa = PBXFileReference; lastKnownFileType = sourcecode.swift; path = SettingsView.swift; sourceTree = "<group>"; };
		E71603F62B3CE917000E30F8 /* AboutView.swift */ = {isa = PBXFileReference; lastKnownFileType = sourcecode.swift; path = AboutView.swift; sourceTree = "<group>"; };
		E71757312B48C7A9005D9A20 /* NovenaView.swift */ = {isa = PBXFileReference; lastKnownFileType = sourcecode.swift; path = NovenaView.swift; sourceTree = "<group>"; };
		E71757332B48CBE3005D9A20 /* iOSCheckboxToggleStyle.swift */ = {isa = PBXFileReference; lastKnownFileType = sourcecode.swift; path = iOSCheckboxToggleStyle.swift; sourceTree = "<group>"; };
		E71D1DD32B45C47D00F55AF4 /* SuggestionsView.swift */ = {isa = PBXFileReference; lastKnownFileType = sourcecode.swift; path = SuggestionsView.swift; sourceTree = "<group>"; };
		E71D1DD52B45FB8600F55AF4 /* ChurchSuggestionsView.swift */ = {isa = PBXFileReference; lastKnownFileType = sourcecode.swift; path = ChurchSuggestionsView.swift; sourceTree = "<group>"; };
		E74489CC2B5083ED00039B0C /* MainView.swift */ = {isa = PBXFileReference; lastKnownFileType = sourcecode.swift; path = MainView.swift; sourceTree = "<group>"; };
		E771C06F2B3716D100C5246F /* Sao Judas Tadeu Americana.app */ = {isa = PBXFileReference; explicitFileType = wrapper.application; includeInIndex = 0; path = "Sao Judas Tadeu Americana.app"; sourceTree = BUILT_PRODUCTS_DIR; };
		E771C0722B3716D100C5246F /* Sao_Judas_Tadeu_AmericanaApp.swift */ = {isa = PBXFileReference; lastKnownFileType = sourcecode.swift; path = Sao_Judas_Tadeu_AmericanaApp.swift; sourceTree = "<group>"; };
		E771C0742B3716D100C5246F /* HomeView.swift */ = {isa = PBXFileReference; lastKnownFileType = sourcecode.swift; path = HomeView.swift; sourceTree = "<group>"; };
		E771C0762B3716D300C5246F /* Assets.xcassets */ = {isa = PBXFileReference; lastKnownFileType = folder.assetcatalog; path = Assets.xcassets; sourceTree = "<group>"; };
		E771C0792B3716D300C5246F /* Preview Assets.xcassets */ = {isa = PBXFileReference; lastKnownFileType = folder.assetcatalog; path = "Preview Assets.xcassets"; sourceTree = "<group>"; };
		E7A396F42B3F67D300A3ADE7 /* TitheView.swift */ = {isa = PBXFileReference; lastKnownFileType = sourcecode.swift; path = TitheView.swift; sourceTree = "<group>"; };
		E7BAF8F12B3E2A9B00DB6F21 /* SjtHistoryView.swift */ = {isa = PBXFileReference; lastKnownFileType = sourcecode.swift; path = SjtHistoryView.swift; sourceTree = "<group>"; };
		E7BAF8F32B3E45C800DB6F21 /* PrayersView.swift */ = {isa = PBXFileReference; lastKnownFileType = sourcecode.swift; path = PrayersView.swift; sourceTree = "<group>"; };
/* End PBXFileReference section */

/* Begin PBXFrameworksBuildPhase section */
		E771C06C2B3716D100C5246F /* Frameworks */ = {
			isa = PBXFrameworksBuildPhase;
			buildActionMask = 2147483647;
			files = (
			);
			runOnlyForDeploymentPostprocessing = 0;
		};
/* End PBXFrameworksBuildPhase section */

/* Begin PBXGroup section */
		E74489C62B50795400039B0C /* Views */ = {
			isa = PBXGroup;
			children = (
				E74489CC2B5083ED00039B0C /* MainView.swift */,
				E74489C82B5079D200039B0C /* HomeViews */,
				E74489C92B507A1F00039B0C /* PrayersViews */,
				E74489CA2B507A4000039B0C /* TitheViews */,
				E74489CB2B507A7100039B0C /* SettingsViews */,
			);
			path = Views;
			sourceTree = "<group>";
		};
		E74489C72B50796500039B0C /* Style */ = {
			isa = PBXGroup;
			children = (
				E71757332B48CBE3005D9A20 /* iOSCheckboxToggleStyle.swift */,
			);
			path = Style;
			sourceTree = "<group>";
		};
		E74489C82B5079D200039B0C /* HomeViews */ = {
			isa = PBXGroup;
			children = (
				E771C0742B3716D100C5246F /* HomeView.swift */,
				E71603F62B3CE917000E30F8 /* AboutView.swift */,
				E7BAF8F12B3E2A9B00DB6F21 /* SjtHistoryView.swift */,
			);
			path = HomeViews;
			sourceTree = "<group>";
		};
		E74489C92B507A1F00039B0C /* PrayersViews */ = {
			isa = PBXGroup;
			children = (
				E7BAF8F32B3E45C800DB6F21 /* PrayersView.swift */,
				E71757312B48C7A9005D9A20 /* NovenaView.swift */,
			);
			path = PrayersViews;
			sourceTree = "<group>";
		};
		E74489CA2B507A4000039B0C /* TitheViews */ = {
			isa = PBXGroup;
			children = (
				E7A396F42B3F67D300A3ADE7 /* TitheView.swift */,
			);
			path = TitheViews;
			sourceTree = "<group>";
		};
		E74489CB2B507A7100039B0C /* SettingsViews */ = {
			isa = PBXGroup;
			children = (
				E7122B5B2B44A04E00067632 /* SettingsView.swift */,
				E71D1DD32B45C47D00F55AF4 /* SuggestionsView.swift */,
				E71D1DD52B45FB8600F55AF4 /* ChurchSuggestionsView.swift */,
			);
			path = SettingsViews;
			sourceTree = "<group>";
		};
		E771C0662B3716D100C5246F = {
			isa = PBXGroup;
			children = (
				E771C0712B3716D100C5246F /* Sao Judas Tadeu Americana */,
				E771C0702B3716D100C5246F /* Products */,
			);
			sourceTree = "<group>";
		};
		E771C0702B3716D100C5246F /* Products */ = {
			isa = PBXGroup;
			children = (
				E771C06F2B3716D100C5246F /* Sao Judas Tadeu Americana.app */,
			);
			name = Products;
			sourceTree = "<group>";
		};
		E771C0712B3716D100C5246F /* Sao Judas Tadeu Americana */ = {
			isa = PBXGroup;
			children = (
				E771C0722B3716D100C5246F /* Sao_Judas_Tadeu_AmericanaApp.swift */,
				E74489C62B50795400039B0C /* Views */,
				E74489C72B50796500039B0C /* Style */,
				E771C0762B3716D300C5246F /* Assets.xcassets */,
				E771C0782B3716D300C5246F /* Preview Content */,
			);
			path = "Sao Judas Tadeu Americana";
			sourceTree = "<group>";
		};
		E771C0782B3716D300C5246F /* Preview Content */ = {
			isa = PBXGroup;
			children = (
				E771C0792B3716D300C5246F /* Preview Assets.xcassets */,
			);
			path = "Preview Content";
			sourceTree = "<group>";
		};
/* End PBXGroup section */

/* Begin PBXNativeTarget section */
		E771C06E2B3716D100C5246F /* Sao Judas Tadeu Americana */ = {
			isa = PBXNativeTarget;
			buildConfigurationList = E771C07D2B3716D300C5246F /* Build configuration list for PBXNativeTarget "Sao Judas Tadeu Americana" */;
			buildPhases = (
				E771C06B2B3716D100C5246F /* Sources */,
				E771C06C2B3716D100C5246F /* Frameworks */,
				E771C06D2B3716D100C5246F /* Resources */,
			);
			buildRules = (
			);
			dependencies = (
			);
			name = "Sao Judas Tadeu Americana";
			productName = "Sao Judas Tadeu Americana";
			productReference = E771C06F2B3716D100C5246F /* Sao Judas Tadeu Americana.app */;
			productType = "com.apple.product-type.application";
		};
/* End PBXNativeTarget section */

/* Begin PBXProject section */
		E771C0672B3716D100C5246F /* Project object */ = {
			isa = PBXProject;
			attributes = {
				BuildIndependentTargetsInParallel = 1;
				LastSwiftUpdateCheck = 1500;
				LastUpgradeCheck = 1500;
				TargetAttributes = {
					E771C06E2B3716D100C5246F = {
						CreatedOnToolsVersion = 15.0;
					};
				};
			};
			buildConfigurationList = E771C06A2B3716D100C5246F /* Build configuration list for PBXProject "Sao Judas Tadeu Americana" */;
			compatibilityVersion = "Xcode 14.0";
			developmentRegion = en;
			hasScannedForEncodings = 0;
			knownRegions = (
				en,
				Base,
			);
			mainGroup = E771C0662B3716D100C5246F;
			productRefGroup = E771C0702B3716D100C5246F /* Products */;
			projectDirPath = "";
			projectRoot = "";
			targets = (
				E771C06E2B3716D100C5246F /* Sao Judas Tadeu Americana */,
			);
		};
/* End PBXProject section */

/* Begin PBXResourcesBuildPhase section */
		E771C06D2B3716D100C5246F /* Resources */ = {
			isa = PBXResourcesBuildPhase;
			buildActionMask = 2147483647;
			files = (
				E771C07A2B3716D300C5246F /* Preview Assets.xcassets in Resources */,
				E771C0772B3716D300C5246F /* Assets.xcassets in Resources */,
			);
			runOnlyForDeploymentPostprocessing = 0;
		};
/* End PBXResourcesBuildPhase section */

/* Begin PBXSourcesBuildPhase section */
		E771C06B2B3716D100C5246F /* Sources */ = {
			isa = PBXSourcesBuildPhase;
			buildActionMask = 2147483647;
			files = (
				E7122B5C2B44A04E00067632 /* SettingsView.swift in Sources */,
				E74489CD2B5083ED00039B0C /* MainView.swift in Sources */,
				E7BAF8F42B3E45C900DB6F21 /* PrayersView.swift in Sources */,
				E7A396F52B3F67D300A3ADE7 /* TitheView.swift in Sources */,
				E71757322B48C7AA005D9A20 /* NovenaView.swift in Sources */,
				E771C0752B3716D100C5246F /* HomeView.swift in Sources */,
				E71D1DD62B45FB8600F55AF4 /* ChurchSuggestionsView.swift in Sources */,
				E7BAF8F22B3E2A9B00DB6F21 /* SjtHistoryView.swift in Sources */,
				E71603F72B3CE917000E30F8 /* AboutView.swift in Sources */,
				E71757342B48CBE3005D9A20 /* iOSCheckboxToggleStyle.swift in Sources */,
				E71D1DD42B45C47D00F55AF4 /* SuggestionsView.swift in Sources */,
				E771C0732B3716D100C5246F /* Sao_Judas_Tadeu_AmericanaApp.swift in Sources */,
			);
			runOnlyForDeploymentPostprocessing = 0;
		};
/* End PBXSourcesBuildPhase section */

/* Begin XCBuildConfiguration section */
		E771C07B2B3716D300C5246F /* Debug */ = {
			isa = XCBuildConfiguration;
			buildSettings = {
				ALWAYS_SEARCH_USER_PATHS = NO;
				ASSETCATALOG_COMPILER_GENERATE_SWIFT_ASSET_SYMBOL_EXTENSIONS = YES;
				CLANG_ANALYZER_NONNULL = YES;
				CLANG_ANALYZER_NUMBER_OBJECT_CONVERSION = YES_AGGRESSIVE;
				CLANG_CXX_LANGUAGE_STANDARD = "gnu++20";
				CLANG_ENABLE_MODULES = YES;
				CLANG_ENABLE_OBJC_ARC = YES;
				CLANG_ENABLE_OBJC_WEAK = YES;
				CLANG_WARN_BLOCK_CAPTURE_AUTORELEASING = YES;
				CLANG_WARN_BOOL_CONVERSION = YES;
				CLANG_WARN_COMMA = YES;
				CLANG_WARN_CONSTANT_CONVERSION = YES;
				CLANG_WARN_DEPRECATED_OBJC_IMPLEMENTATIONS = YES;
				CLANG_WARN_DIRECT_OBJC_ISA_USAGE = YES_ERROR;
				CLANG_WARN_DOCUMENTATION_COMMENTS = YES;
				CLANG_WARN_EMPTY_BODY = YES;
				CLANG_WARN_ENUM_CONVERSION = YES;
				CLANG_WARN_INFINITE_RECURSION = YES;
				CLANG_WARN_INT_CONVERSION = YES;
				CLANG_WARN_NON_LITERAL_NULL_CONVERSION = YES;
				CLANG_WARN_OBJC_IMPLICIT_RETAIN_SELF = YES;
				CLANG_WARN_OBJC_LITERAL_CONVERSION = YES;
				CLANG_WARN_OBJC_ROOT_CLASS = YES_ERROR;
				CLANG_WARN_QUOTED_INCLUDE_IN_FRAMEWORK_HEADER = YES;
				CLANG_WARN_RANGE_LOOP_ANALYSIS = YES;
				CLANG_WARN_STRICT_PROTOTYPES = YES;
				CLANG_WARN_SUSPICIOUS_MOVE = YES;
				CLANG_WARN_UNGUARDED_AVAILABILITY = YES_AGGRESSIVE;
				CLANG_WARN_UNREACHABLE_CODE = YES;
				CLANG_WARN__DUPLICATE_METHOD_MATCH = YES;
				COPY_PHASE_STRIP = NO;
				DEBUG_INFORMATION_FORMAT = dwarf;
				ENABLE_STRICT_OBJC_MSGSEND = YES;
				ENABLE_TESTABILITY = YES;
				ENABLE_USER_SCRIPT_SANDBOXING = YES;
				GCC_C_LANGUAGE_STANDARD = gnu17;
				GCC_DYNAMIC_NO_PIC = NO;
				GCC_NO_COMMON_BLOCKS = YES;
				GCC_OPTIMIZATION_LEVEL = 0;
				GCC_PREPROCESSOR_DEFINITIONS = (
					"DEBUG=1",
					"$(inherited)",
				);
				GCC_WARN_64_TO_32_BIT_CONVERSION = YES;
				GCC_WARN_ABOUT_RETURN_TYPE = YES_ERROR;
				GCC_WARN_UNDECLARED_SELECTOR = YES;
				GCC_WARN_UNINITIALIZED_AUTOS = YES_AGGRESSIVE;
				GCC_WARN_UNUSED_FUNCTION = YES;
				GCC_WARN_UNUSED_VARIABLE = YES;
				IPHONEOS_DEPLOYMENT_TARGET = 17.0;
				LOCALIZATION_PREFERS_STRING_CATALOGS = YES;
				MTL_ENABLE_DEBUG_INFO = INCLUDE_SOURCE;
				MTL_FAST_MATH = YES;
				ONLY_ACTIVE_ARCH = YES;
				SDKROOT = iphoneos;
				SWIFT_ACTIVE_COMPILATION_CONDITIONS = "DEBUG $(inherited)";
				SWIFT_OPTIMIZATION_LEVEL = "-Onone";
			};
			name = Debug;
		};
		E771C07C2B3716D300C5246F /* Release */ = {
			isa = XCBuildConfiguration;
			buildSettings = {
				ALWAYS_SEARCH_USER_PATHS = NO;
				ASSETCATALOG_COMPILER_GENERATE_SWIFT_ASSET_SYMBOL_EXTENSIONS = YES;
				CLANG_ANALYZER_NONNULL = YES;
				CLANG_ANALYZER_NUMBER_OBJECT_CONVERSION = YES_AGGRESSIVE;
				CLANG_CXX_LANGUAGE_STANDARD = "gnu++20";
				CLANG_ENABLE_MODULES = YES;
				CLANG_ENABLE_OBJC_ARC = YES;
				CLANG_ENABLE_OBJC_WEAK = YES;
				CLANG_WARN_BLOCK_CAPTURE_AUTORELEASING = YES;
				CLANG_WARN_BOOL_CONVERSION = YES;
				CLANG_WARN_COMMA = YES;
				CLANG_WARN_CONSTANT_CONVERSION = YES;
				CLANG_WARN_DEPRECATED_OBJC_IMPLEMENTATIONS = YES;
				CLANG_WARN_DIRECT_OBJC_ISA_USAGE = YES_ERROR;
				CLANG_WARN_DOCUMENTATION_COMMENTS = YES;
				CLANG_WARN_EMPTY_BODY = YES;
				CLANG_WARN_ENUM_CONVERSION = YES;
				CLANG_WARN_INFINITE_RECURSION = YES;
				CLANG_WARN_INT_CONVERSION = YES;
				CLANG_WARN_NON_LITERAL_NULL_CONVERSION = YES;
				CLANG_WARN_OBJC_IMPLICIT_RETAIN_SELF = YES;
				CLANG_WARN_OBJC_LITERAL_CONVERSION = YES;
				CLANG_WARN_OBJC_ROOT_CLASS = YES_ERROR;
				CLANG_WARN_QUOTED_INCLUDE_IN_FRAMEWORK_HEADER = YES;
				CLANG_WARN_RANGE_LOOP_ANALYSIS = YES;
				CLANG_WARN_STRICT_PROTOTYPES = YES;
				CLANG_WARN_SUSPICIOUS_MOVE = YES;
				CLANG_WARN_UNGUARDED_AVAILABILITY = YES_AGGRESSIVE;
				CLANG_WARN_UNREACHABLE_CODE = YES;
				CLANG_WARN__DUPLICATE_METHOD_MATCH = YES;
				COPY_PHASE_STRIP = NO;
				DEBUG_INFORMATION_FORMAT = "dwarf-with-dsym";
				ENABLE_NS_ASSERTIONS = NO;
				ENABLE_STRICT_OBJC_MSGSEND = YES;
				ENABLE_USER_SCRIPT_SANDBOXING = YES;
				GCC_C_LANGUAGE_STANDARD = gnu17;
				GCC_NO_COMMON_BLOCKS = YES;
				GCC_WARN_64_TO_32_BIT_CONVERSION = YES;
				GCC_WARN_ABOUT_RETURN_TYPE = YES_ERROR;
				GCC_WARN_UNDECLARED_SELECTOR = YES;
				GCC_WARN_UNINITIALIZED_AUTOS = YES_AGGRESSIVE;
				GCC_WARN_UNUSED_FUNCTION = YES;
				GCC_WARN_UNUSED_VARIABLE = YES;
				IPHONEOS_DEPLOYMENT_TARGET = 17.0;
				LOCALIZATION_PREFERS_STRING_CATALOGS = YES;
				MTL_ENABLE_DEBUG_INFO = NO;
				MTL_FAST_MATH = YES;
				SDKROOT = iphoneos;
				SWIFT_COMPILATION_MODE = wholemodule;
				VALIDATE_PRODUCT = YES;
			};
			name = Release;
		};
		E771C07E2B3716D300C5246F /* Debug */ = {
			isa = XCBuildConfiguration;
			buildSettings = {
				ASSETCATALOG_COMPILER_APPICON_NAME = AppIcon;
				ASSETCATALOG_COMPILER_GLOBAL_ACCENT_COLOR_NAME = AccentColor;
				CODE_SIGN_STYLE = Automatic;
				CURRENT_PROJECT_VERSION = 1;
				DEVELOPMENT_ASSET_PATHS = "\"Sao Judas Tadeu Americana/Preview Content\"";
				DEVELOPMENT_TEAM = 6Z725Z7MS8;
				ENABLE_PREVIEWS = YES;
				GENERATE_INFOPLIST_FILE = YES;
				INFOPLIST_KEY_UIApplicationSceneManifest_Generation = YES;
				INFOPLIST_KEY_UIApplicationSupportsIndirectInputEvents = YES;
				INFOPLIST_KEY_UILaunchScreen_Generation = YES;
				INFOPLIST_KEY_UISupportedInterfaceOrientations_iPad = "UIInterfaceOrientationPortrait UIInterfaceOrientationPortraitUpsideDown UIInterfaceOrientationLandscapeLeft UIInterfaceOrientationLandscapeRight";
				INFOPLIST_KEY_UISupportedInterfaceOrientations_iPhone = "UIInterfaceOrientationPortrait UIInterfaceOrientationLandscapeLeft UIInterfaceOrientationLandscapeRight";
				LD_RUNPATH_SEARCH_PATHS = (
					"$(inherited)",
					"@executable_path/Frameworks",
				);
				MARKETING_VERSION = 1.0;
				PRODUCT_BUNDLE_IDENTIFIER = "vitor.Sao-Judas-Tadeu-Americana";
				PRODUCT_NAME = "$(TARGET_NAME)";
				SWIFT_EMIT_LOC_STRINGS = YES;
				SWIFT_VERSION = 5.0;
				TARGETED_DEVICE_FAMILY = "1,2";
			};
			name = Debug;
		};
		E771C07F2B3716D300C5246F /* Release */ = {
			isa = XCBuildConfiguration;
			buildSettings = {
				ASSETCATALOG_COMPILER_APPICON_NAME = AppIcon;
				ASSETCATALOG_COMPILER_GLOBAL_ACCENT_COLOR_NAME = AccentColor;
				CODE_SIGN_STYLE = Automatic;
				CURRENT_PROJECT_VERSION = 1;
				DEVELOPMENT_ASSET_PATHS = "\"Sao Judas Tadeu Americana/Preview Content\"";
				DEVELOPMENT_TEAM = 6Z725Z7MS8;
				ENABLE_PREVIEWS = YES;
				GENERATE_INFOPLIST_FILE = YES;
				INFOPLIST_KEY_UIApplicationSceneManifest_Generation = YES;
				INFOPLIST_KEY_UIApplicationSupportsIndirectInputEvents = YES;
				INFOPLIST_KEY_UILaunchScreen_Generation = YES;
				INFOPLIST_KEY_UISupportedInterfaceOrientations_iPad = "UIInterfaceOrientationPortrait UIInterfaceOrientationPortraitUpsideDown UIInterfaceOrientationLandscapeLeft UIInterfaceOrientationLandscapeRight";
				INFOPLIST_KEY_UISupportedInterfaceOrientations_iPhone = "UIInterfaceOrientationPortrait UIInterfaceOrientationLandscapeLeft UIInterfaceOrientationLandscapeRight";
				LD_RUNPATH_SEARCH_PATHS = (
					"$(inherited)",
					"@executable_path/Frameworks",
				);
				MARKETING_VERSION = 1.0;
				PRODUCT_BUNDLE_IDENTIFIER = "vitor.Sao-Judas-Tadeu-Americana";
				PRODUCT_NAME = "$(TARGET_NAME)";
				SWIFT_EMIT_LOC_STRINGS = YES;
				SWIFT_VERSION = 5.0;
				TARGETED_DEVICE_FAMILY = "1,2";
			};
			name = Release;
		};
/* End XCBuildConfiguration section */

/* Begin XCConfigurationList section */
		E771C06A2B3716D100C5246F /* Build configuration list for PBXProject "Sao Judas Tadeu Americana" */ = {
			isa = XCConfigurationList;
			buildConfigurations = (
				E771C07B2B3716D300C5246F /* Debug */,
				E771C07C2B3716D300C5246F /* Release */,
			);
			defaultConfigurationIsVisible = 0;
			defaultConfigurationName = Release;
		};
		E771C07D2B3716D300C5246F /* Build configuration list for PBXNativeTarget "Sao Judas Tadeu Americana" */ = {
			isa = XCConfigurationList;
			buildConfigurations = (
				E771C07E2B3716D300C5246F /* Debug */,
				E771C07F2B3716D300C5246F /* Release */,
			);
			defaultConfigurationIsVisible = 0;
			defaultConfigurationName = Release;
		};
/* End XCConfigurationList section */
	};
	rootObject = E771C0672B3716D100C5246F /* Project object */;
}
